
Microsoft Visual Studio Solution File, Format Version 12.00
# Visual Studio Version 17
VisualStudioVersion = 17.4.33213.308
MinimumVisualStudioVersion = 10.0.40219.1
Project("{FAE04EC0-301F-11D3-BF4B-00C04F79EFBC}") = "ICA06", "ICA06\ICA06.csproj", "{F05D9278-9875-474C-B110-74BCC5080688}"
EndProject
Global
	GlobalSection(SolutionConfigurationPlatforms) = preSolution
		Debug|Any CPU = Debug|Any CPU
		Release|Any CPU = Release|Any CPU
	EndGlobalSection
	GlobalSection(ProjectConfigurationPlatforms) = postSolution
		{F05D9278-9875-474C-B110-74BCC5080688}.Debug|Any CPU.ActiveCfg = Debug|Any CPU
		{F05D9278-9875-474C-B110-74BCC5080688}.Debug|Any CPU.Build.0 = Debug|Any CPU
		{F05D9278-9875-474C-B110-74BCC5080688}.Release|Any CPU.ActiveCfg = Release|Any CPU
		{F05D9278-9875-474C-B110-74BCC5080688}.Release|Any CPU.Build.0 = Release|Any CPU
	EndGlobalSection
	GlobalSection(SolutionProperties) = preSolution
		HideSolutionNode = FALSE
	EndGlobalSection
	GlobalSection(ExtensibilityGlobals) = postSolution
		SolutionGuid = {868A9BA1-8B5C-416D-8191-722B48CC49E1}
	EndGlobalSection
EndGlobal
