
Microsoft Visual Studio Solution File, Format Version 12.00
# Visual Studio Version 17
VisualStudioVersion = 17.2.32630.192
MinimumVisualStudioVersion = 10.0.40219.1
Project("{FAE04EC0-301F-11D3-BF4B-00C04F79EFBC}") = "ICA03", "ICA03\ICA03.csproj", "{B764D2D4-3BA6-498B-A66C-67665C94DC40}"
EndProject
Global
	GlobalSection(SolutionConfigurationPlatforms) = preSolution
		Debug|Any CPU = Debug|Any CPU
		Release|Any CPU = Release|Any CPU
	EndGlobalSection
	GlobalSection(ProjectConfigurationPlatforms) = postSolution
		{B764D2D4-3BA6-498B-A66C-67665C94DC40}.Debug|Any CPU.ActiveCfg = Debug|Any CPU
		{B764D2D4-3BA6-498B-A66C-67665C94DC40}.Debug|Any CPU.Build.0 = Debug|Any CPU
		{B764D2D4-3BA6-498B-A66C-67665C94DC40}.Release|Any CPU.ActiveCfg = Release|Any CPU
		{B764D2D4-3BA6-498B-A66C-67665C94DC40}.Release|Any CPU.Build.0 = Release|Any CPU
	EndGlobalSection
	GlobalSection(SolutionProperties) = preSolution
		HideSolutionNode = FALSE
	EndGlobalSection
	GlobalSection(ExtensibilityGlobals) = postSolution
		SolutionGuid = {7881C84B-1F3F-4E44-9D19-DACE5B3673BF}
	EndGlobalSection
EndGlobal
