
Microsoft Visual Studio Solution File, Format Version 12.00
# Visual Studio Version 17
VisualStudioVersion = 17.4.33205.214
MinimumVisualStudioVersion = 10.0.40219.1
Project("{FAE04EC0-301F-11D3-BF4B-00C04F79EFBC}") = "ICA11", "ICA11\ICA11.csproj", "{EA6D9099-0F49-4354-83BC-92C201798788}"
EndProject
Global
	GlobalSection(SolutionConfigurationPlatforms) = preSolution
		Debug|Any CPU = Debug|Any CPU
		Release|Any CPU = Release|Any CPU
	EndGlobalSection
	GlobalSection(ProjectConfigurationPlatforms) = postSolution
		{EA6D9099-0F49-4354-83BC-92C201798788}.Debug|Any CPU.ActiveCfg = Debug|Any CPU
		{EA6D9099-0F49-4354-83BC-92C201798788}.Debug|Any CPU.Build.0 = Debug|Any CPU
		{EA6D9099-0F49-4354-83BC-92C201798788}.Release|Any CPU.ActiveCfg = Release|Any CPU
		{EA6D9099-0F49-4354-83BC-92C201798788}.Release|Any CPU.Build.0 = Release|Any CPU
	EndGlobalSection
	GlobalSection(SolutionProperties) = preSolution
		HideSolutionNode = FALSE
	EndGlobalSection
	GlobalSection(ExtensibilityGlobals) = postSolution
		SolutionGuid = {8F42F80B-F23D-492F-ACBF-2D59EA1D5D2F}
	EndGlobalSection
EndGlobal
